
Microsoft Visual Studio Solution File, Format Version 12.00
# Visual Studio 15
VisualStudioVersion = 15.0.28307.136
MinimumVisualStudioVersion = 10.0.40219.1
Project("{FAE04EC0-301F-11D3-BF4B-00C04F79EFBC}") = "NumberToWordConsoleApp", "NumberToWordConsoleApp\NumberToWordConsoleApp.csproj", "{02832B64-B551-427D-9D1E-E3453E520515}"
EndProject
Global
	GlobalSection(SolutionConfigurationPlatforms) = preSolution
		Debug|Any CPU = Debug|Any CPU
		Release|Any CPU = Release|Any CPU
	EndGlobalSection
	GlobalSection(ProjectConfigurationPlatforms) = postSolution
		{02832B64-B551-427D-9D1E-E3453E520515}.Debug|Any CPU.ActiveCfg = Debug|Any CPU
		{02832B64-B551-427D-9D1E-E3453E520515}.Debug|Any CPU.Build.0 = Debug|Any CPU
		{02832B64-B551-427D-9D1E-E3453E520515}.Release|Any CPU.ActiveCfg = Release|Any CPU
		{02832B64-B551-427D-9D1E-E3453E520515}.Release|Any CPU.Build.0 = Release|Any CPU
	EndGlobalSection
	GlobalSection(SolutionProperties) = preSolution
		HideSolutionNode = FALSE
	EndGlobalSection
	GlobalSection(ExtensibilityGlobals) = postSolution
		SolutionGuid = {62E38791-93C1-4186-B249-41F660D29933}
	EndGlobalSection
EndGlobal
